
Microsoft Visual Studio Solution File, Format Version 12.00
# Visual Studio Version 17
VisualStudioVersion = 17.4.33205.214
MinimumVisualStudioVersion = 10.0.40219.1
Project("{9A19103F-16F7-4668-BE54-9A1E7A4F7556}") = "CYS", "CYS\CYS.csproj", "{7BD62B24-AAD7-496A-B71D-26EF68E2147C}"
EndProject
Global
	GlobalSection(SolutionConfigurationPlatforms) = preSolution
		Debug|Any CPU = Debug|Any CPU
		Release|Any CPU = Release|Any CPU
	EndGlobalSection
	GlobalSection(ProjectConfigurationPlatforms) = postSolution
		{7BD62B24-AAD7-496A-B71D-26EF68E2147C}.Debug|Any CPU.ActiveCfg = Debug|Any CPU
		{7BD62B24-AAD7-496A-B71D-26EF68E2147C}.Debug|Any CPU.Build.0 = Debug|Any CPU
		{7BD62B24-AAD7-496A-B71D-26EF68E2147C}.Release|Any CPU.ActiveCfg = Release|Any CPU
		{7BD62B24-AAD7-496A-B71D-26EF68E2147C}.Release|Any CPU.Build.0 = Release|Any CPU
	EndGlobalSection
	GlobalSection(SolutionProperties) = preSolution
		HideSolutionNode = FALSE
	EndGlobalSection
	GlobalSection(ExtensibilityGlobals) = postSolution
		SolutionGuid = {8D2AD30E-F41D-460C-B09D-7B97A09E40A6}
	EndGlobalSection
EndGlobal
